// !$*UTF8*$!
{
	archiveVersion = 1;
	classes = {
	};
	objectVersion = 56;
	objects = {

/* Begin PBXBuildFile section */
		A601B7B12D50FC5A001FBF99 /* HomeReducer.swift in Sources */ = {isa = PBXBuildFile; fileRef = A601B7B02D50FC52001FBF99 /* HomeReducer.swift */; };
		A601B7B32D513E8D001FBF99 /* TrackerReducer.swift in Sources */ = {isa = PBXBuildFile; fileRef = A601B7B22D513E87001FBF99 /* TrackerReducer.swift */; };
		A65B4C912CEF9A21009E5B20 /* HomeView.swift in Sources */ = {isa = PBXBuildFile; fileRef = A65B4C902CEF9A21009E5B20 /* HomeView.swift */; };
		A65B4C942CEFBE98009E5B20 /* TrackerView.swift in Sources */ = {isa = PBXBuildFile; fileRef = A65B4C932CEFBE98009E5B20 /* TrackerView.swift */; };
		A65B4C972CEFC66D009E5B20 /* SelectCategoryFeelingView.swift in Sources */ = {isa = PBXBuildFile; fileRef = A65B4C962CEFC66D009E5B20 /* SelectCategoryFeelingView.swift */; };
		A65B4C9D2CEFC6A0009E5B20 /* SelectFeelingView.swift in Sources */ = {isa = PBXBuildFile; fileRef = A65B4C9C2CEFC6A0009E5B20 /* SelectFeelingView.swift */; };
		A65B4CA12CF0A495009E5B20 /* PositiveEmotions.swift in Sources */ = {isa = PBXBuildFile; fileRef = A65B4CA02CF0A495009E5B20 /* PositiveEmotions.swift */; };
		A65B4CA32CF0D829009E5B20 /* FormFeelingView.swift in Sources */ = {isa = PBXBuildFile; fileRef = A65B4CA22CF0D829009E5B20 /* FormFeelingView.swift */; };
		A65B4CA52CF260BA009E5B20 /* SuccessSubmitFeelingView.swift in Sources */ = {isa = PBXBuildFile; fileRef = A65B4CA42CF260BA009E5B20 /* SuccessSubmitFeelingView.swift */; };
		A667243D2D5255A1004CC431 /* NegativeEmotions.swift in Sources */ = {isa = PBXBuildFile; fileRef = A667243C2D5255A1004CC431 /* NegativeEmotions.swift */; };
		A673982D2CEBAF6800967654 /* Images.xcassets in Resources */ = {isa = PBXBuildFile; fileRef = A673982C2CEBAF6800967654 /* Images.xcassets */; };
		A67398302CEBAF6800967654 /* Preview Assets.xcassets in Resources */ = {isa = PBXBuildFile; fileRef = A673982F2CEBAF6800967654 /* Preview Assets.xcassets */; };
		A673983A2CEBB0BB00967654 /* OnboardingView.swift in Sources */ = {isa = PBXBuildFile; fileRef = A67398392CEBB0BB00967654 /* OnboardingView.swift */; };
		A67398412CEBB2C900967654 /* Colors.xcassets in Resources */ = {isa = PBXBuildFile; fileRef = A67398402CEBB2C900967654 /* Colors.xcassets */; };
		A67398502CEBB2F400967654 /* PlusJakartaSans-Italic.ttf in Resources */ = {isa = PBXBuildFile; fileRef = A67398422CEBB2F400967654 /* PlusJakartaSans-Italic.ttf */; };
		A67398512CEBB2F400967654 /* PlusJakartaSans-ExtraLightItalic.ttf in Resources */ = {isa = PBXBuildFile; fileRef = A67398432CEBB2F400967654 /* PlusJakartaSans-ExtraLightItalic.ttf */; };
		A67398522CEBB2F400967654 /* PlusJakartaSans-MediumItalic.ttf in Resources */ = {isa = PBXBuildFile; fileRef = A67398442CEBB2F400967654 /* PlusJakartaSans-MediumItalic.ttf */; };
		A67398532CEBB2F400967654 /* PlusJakartaSans-ExtraLight.ttf in Resources */ = {isa = PBXBuildFile; fileRef = A67398452CEBB2F400967654 /* PlusJakartaSans-ExtraLight.ttf */; };
		A67398542CEBB2F400967654 /* PlusJakartaSans-Medium.ttf in Resources */ = {isa = PBXBuildFile; fileRef = A67398462CEBB2F400967654 /* PlusJakartaSans-Medium.ttf */; };
		A67398552CEBB2F400967654 /* PlusJakartaSans-ExtraBoldItalic.ttf in Resources */ = {isa = PBXBuildFile; fileRef = A67398472CEBB2F400967654 /* PlusJakartaSans-ExtraBoldItalic.ttf */; };
		A67398562CEBB2F400967654 /* PlusJakartaSans-Regular.ttf in Resources */ = {isa = PBXBuildFile; fileRef = A67398482CEBB2F400967654 /* PlusJakartaSans-Regular.ttf */; };
		A67398572CEBB2F400967654 /* PlusJakartaSans-LightItalic.ttf in Resources */ = {isa = PBXBuildFile; fileRef = A67398492CEBB2F400967654 /* PlusJakartaSans-LightItalic.ttf */; };
		A67398582CEBB2F400967654 /* PlusJakartaSans-SemiBoldItalic.ttf in Resources */ = {isa = PBXBuildFile; fileRef = A673984A2CEBB2F400967654 /* PlusJakartaSans-SemiBoldItalic.ttf */; };
		A67398592CEBB2F400967654 /* PlusJakartaSans-ExtraBold.ttf in Resources */ = {isa = PBXBuildFile; fileRef = A673984B2CEBB2F400967654 /* PlusJakartaSans-ExtraBold.ttf */; };
		A673985A2CEBB2F400967654 /* PlusJakartaSans-Light.ttf in Resources */ = {isa = PBXBuildFile; fileRef = A673984C2CEBB2F400967654 /* PlusJakartaSans-Light.ttf */; };
		A673985B2CEBB2F400967654 /* PlusJakartaSans-Bold.ttf in Resources */ = {isa = PBXBuildFile; fileRef = A673984D2CEBB2F400967654 /* PlusJakartaSans-Bold.ttf */; };
		A673985C2CEBB2F400967654 /* PlusJakartaSans-BoldItalic.ttf in Resources */ = {isa = PBXBuildFile; fileRef = A673984E2CEBB2F400967654 /* PlusJakartaSans-BoldItalic.ttf */; };
		A673985D2CEBB2F400967654 /* PlusJakartaSans-SemiBold.ttf in Resources */ = {isa = PBXBuildFile; fileRef = A673984F2CEBB2F400967654 /* PlusJakartaSans-SemiBold.ttf */; };
		A67398612CEBB47300967654 /* Text+Extensions.swift in Sources */ = {isa = PBXBuildFile; fileRef = A67398602CEBB47300967654 /* Text+Extensions.swift */; };
		A67920FE2D5218F3000BAAD6 /* SelectCategoryFeelingReducer.swift in Sources */ = {isa = PBXBuildFile; fileRef = A67920FD2D5218F3000BAAD6 /* SelectCategoryFeelingReducer.swift */; };
		A67921002D521AEA000BAAD6 /* SelectFeelingReducer.swift in Sources */ = {isa = PBXBuildFile; fileRef = A67920FF2D521AEA000BAAD6 /* SelectFeelingReducer.swift */; };
		A67921022D521AF7000BAAD6 /* FormFeelingReducer.swift in Sources */ = {isa = PBXBuildFile; fileRef = A67921012D521AF7000BAAD6 /* FormFeelingReducer.swift */; };
		A6A71EF62D4A599F008F9977 /* BakoApp.swift in Sources */ = {isa = PBXBuildFile; fileRef = A6A71EF52D4A599F008F9977 /* BakoApp.swift */; };
		A6A71EF82D4A59B7008F9977 /* AppReducer.swift in Sources */ = {isa = PBXBuildFile; fileRef = A6A71EF72D4A59B7008F9977 /* AppReducer.swift */; };
		A6A71EFB2D4A5A39008F9977 /* ComposableArchitecture in Frameworks */ = {isa = PBXBuildFile; productRef = A6A71EFA2D4A5A39008F9977 /* ComposableArchitecture */; };
		A6A71EFD2D4A5B84008F9977 /* AppStore.swift in Sources */ = {isa = PBXBuildFile; fileRef = A6A71EFC2D4A5B84008F9977 /* AppStore.swift */; };
		A6A71EFF2D4A5CA5008F9977 /* AppView.swift in Sources */ = {isa = PBXBuildFile; fileRef = A6A71EFE2D4A5CA5008F9977 /* AppView.swift */; };
		A6A71F012D4A5F65008F9977 /* Route.swift in Sources */ = {isa = PBXBuildFile; fileRef = A6A71F002D4A5F65008F9977 /* Route.swift */; };
		A6A71F032D4A8609008F9977 /* OnboardingReducer.swift in Sources */ = {isa = PBXBuildFile; fileRef = A6A71F022D4A8609008F9977 /* OnboardingReducer.swift */; };
		A6B8574C2D566DF00004DB64 /* Model.swift in Sources */ = {isa = PBXBuildFile; fileRef = A6B8574B2D566DED0004DB64 /* Model.swift */; };
		A6B8574E2D5678120004DB64 /* SuccessSubmitFeelingReducer.swift in Sources */ = {isa = PBXBuildFile; fileRef = A6B8574D2D5678120004DB64 /* SuccessSubmitFeelingReducer.swift */; };
		A6B857512D57B6A50004DB64 /* DetailFeelingReducer.swift in Sources */ = {isa = PBXBuildFile; fileRef = A6B857502D57B69F0004DB64 /* DetailFeelingReducer.swift */; };
		A6B857532D57B6AF0004DB64 /* DetailFeelingView.swift in Sources */ = {isa = PBXBuildFile; fileRef = A6B857522D57B6AF0004DB64 /* DetailFeelingView.swift */; };
		A6C142542D58CB8300F2994F /* AppDependencies.swift in Sources */ = {isa = PBXBuildFile; fileRef = A6C142522D58CB8300F2994F /* AppDependencies.swift */; };
/* End PBXBuildFile section */

/* Begin PBXFileReference section */
		A601B7B02D50FC52001FBF99 /* HomeReducer.swift */ = {isa = PBXFileReference; lastKnownFileType = sourcecode.swift; path = HomeReducer.swift; sourceTree = "<group>"; };
		A601B7B22D513E87001FBF99 /* TrackerReducer.swift */ = {isa = PBXFileReference; lastKnownFileType = sourcecode.swift; path = TrackerReducer.swift; sourceTree = "<group>"; };
		A65B4C902CEF9A21009E5B20 /* HomeView.swift */ = {isa = PBXFileReference; lastKnownFileType = sourcecode.swift; path = HomeView.swift; sourceTree = "<group>"; };
		A65B4C932CEFBE98009E5B20 /* TrackerView.swift */ = {isa = PBXFileReference; lastKnownFileType = sourcecode.swift; path = TrackerView.swift; sourceTree = "<group>"; };
		A65B4C962CEFC66D009E5B20 /* SelectCategoryFeelingView.swift */ = {isa = PBXFileReference; lastKnownFileType = sourcecode.swift; path = SelectCategoryFeelingView.swift; sourceTree = "<group>"; };
		A65B4C9C2CEFC6A0009E5B20 /* SelectFeelingView.swift */ = {isa = PBXFileReference; lastKnownFileType = sourcecode.swift; path = SelectFeelingView.swift; sourceTree = "<group>"; };
		A65B4CA02CF0A495009E5B20 /* PositiveEmotions.swift */ = {isa = PBXFileReference; lastKnownFileType = sourcecode.swift; path = PositiveEmotions.swift; sourceTree = "<group>"; };
		A65B4CA22CF0D829009E5B20 /* FormFeelingView.swift */ = {isa = PBXFileReference; lastKnownFileType = sourcecode.swift; path = FormFeelingView.swift; sourceTree = "<group>"; };
		A65B4CA42CF260BA009E5B20 /* SuccessSubmitFeelingView.swift */ = {isa = PBXFileReference; lastKnownFileType = sourcecode.swift; path = SuccessSubmitFeelingView.swift; sourceTree = "<group>"; };
		A667243C2D5255A1004CC431 /* NegativeEmotions.swift */ = {isa = PBXFileReference; lastKnownFileType = sourcecode.swift; path = NegativeEmotions.swift; sourceTree = "<group>"; };
		A67398252CEBAF6700967654 /* Bako.app */ = {isa = PBXFileReference; explicitFileType = wrapper.application; includeInIndex = 0; path = Bako.app; sourceTree = BUILT_PRODUCTS_DIR; };
		A673982C2CEBAF6800967654 /* Images.xcassets */ = {isa = PBXFileReference; lastKnownFileType = folder.assetcatalog; path = Images.xcassets; sourceTree = "<group>"; };
		A673982F2CEBAF6800967654 /* Preview Assets.xcassets */ = {isa = PBXFileReference; lastKnownFileType = folder.assetcatalog; path = "Preview Assets.xcassets"; sourceTree = "<group>"; };
		A67398392CEBB0BB00967654 /* OnboardingView.swift */ = {isa = PBXFileReference; lastKnownFileType = sourcecode.swift; path = OnboardingView.swift; sourceTree = "<group>"; };
		A67398402CEBB2C900967654 /* Colors.xcassets */ = {isa = PBXFileReference; lastKnownFileType = folder.assetcatalog; path = Colors.xcassets; sourceTree = "<group>"; };
		A67398422CEBB2F400967654 /* PlusJakartaSans-Italic.ttf */ = {isa = PBXFileReference; lastKnownFileType = file; path = "PlusJakartaSans-Italic.ttf"; sourceTree = "<group>"; };
		A67398432CEBB2F400967654 /* PlusJakartaSans-ExtraLightItalic.ttf */ = {isa = PBXFileReference; lastKnownFileType = file; path = "PlusJakartaSans-ExtraLightItalic.ttf"; sourceTree = "<group>"; };
		A67398442CEBB2F400967654 /* PlusJakartaSans-MediumItalic.ttf */ = {isa = PBXFileReference; lastKnownFileType = file; path = "PlusJakartaSans-MediumItalic.ttf"; sourceTree = "<group>"; };
		A67398452CEBB2F400967654 /* PlusJakartaSans-ExtraLight.ttf */ = {isa = PBXFileReference; lastKnownFileType = file; path = "PlusJakartaSans-ExtraLight.ttf"; sourceTree = "<group>"; };
		A67398462CEBB2F400967654 /* PlusJakartaSans-Medium.ttf */ = {isa = PBXFileReference; lastKnownFileType = file; path = "PlusJakartaSans-Medium.ttf"; sourceTree = "<group>"; };
		A67398472CEBB2F400967654 /* PlusJakartaSans-ExtraBoldItalic.ttf */ = {isa = PBXFileReference; lastKnownFileType = file; path = "PlusJakartaSans-ExtraBoldItalic.ttf"; sourceTree = "<group>"; };
		A67398482CEBB2F400967654 /* PlusJakartaSans-Regular.ttf */ = {isa = PBXFileReference; lastKnownFileType = file; path = "PlusJakartaSans-Regular.ttf"; sourceTree = "<group>"; };
		A67398492CEBB2F400967654 /* PlusJakartaSans-LightItalic.ttf */ = {isa = PBXFileReference; lastKnownFileType = file; path = "PlusJakartaSans-LightItalic.ttf"; sourceTree = "<group>"; };
		A673984A2CEBB2F400967654 /* PlusJakartaSans-SemiBoldItalic.ttf */ = {isa = PBXFileReference; lastKnownFileType = file; path = "PlusJakartaSans-SemiBoldItalic.ttf"; sourceTree = "<group>"; };
		A673984B2CEBB2F400967654 /* PlusJakartaSans-ExtraBold.ttf */ = {isa = PBXFileReference; lastKnownFileType = file; path = "PlusJakartaSans-ExtraBold.ttf"; sourceTree = "<group>"; };
		A673984C2CEBB2F400967654 /* PlusJakartaSans-Light.ttf */ = {isa = PBXFileReference; lastKnownFileType = file; path = "PlusJakartaSans-Light.ttf"; sourceTree = "<group>"; };
		A673984D2CEBB2F400967654 /* PlusJakartaSans-Bold.ttf */ = {isa = PBXFileReference; lastKnownFileType = file; path = "PlusJakartaSans-Bold.ttf"; sourceTree = "<group>"; };
		A673984E2CEBB2F400967654 /* PlusJakartaSans-BoldItalic.ttf */ = {isa = PBXFileReference; lastKnownFileType = file; path = "PlusJakartaSans-BoldItalic.ttf"; sourceTree = "<group>"; };
		A673984F2CEBB2F400967654 /* PlusJakartaSans-SemiBold.ttf */ = {isa = PBXFileReference; lastKnownFileType = file; path = "PlusJakartaSans-SemiBold.ttf"; sourceTree = "<group>"; };
		A673985E2CEBB35B00967654 /* Info.plist */ = {isa = PBXFileReference; lastKnownFileType = text.plist; path = Info.plist; sourceTree = "<group>"; };
		A67398602CEBB47300967654 /* Text+Extensions.swift */ = {isa = PBXFileReference; lastKnownFileType = sourcecode.swift; path = "Text+Extensions.swift"; sourceTree = "<group>"; };
		A67920FD2D5218F3000BAAD6 /* SelectCategoryFeelingReducer.swift */ = {isa = PBXFileReference; lastKnownFileType = sourcecode.swift; path = SelectCategoryFeelingReducer.swift; sourceTree = "<group>"; };
		A67920FF2D521AEA000BAAD6 /* SelectFeelingReducer.swift */ = {isa = PBXFileReference; lastKnownFileType = sourcecode.swift; path = SelectFeelingReducer.swift; sourceTree = "<group>"; };
		A67921012D521AF7000BAAD6 /* FormFeelingReducer.swift */ = {isa = PBXFileReference; lastKnownFileType = sourcecode.swift; path = FormFeelingReducer.swift; sourceTree = "<group>"; };
		A6A71EF52D4A599F008F9977 /* BakoApp.swift */ = {isa = PBXFileReference; fileEncoding = 4; lastKnownFileType = sourcecode.swift; path = BakoApp.swift; sourceTree = "<group>"; };
		A6A71EF72D4A59B7008F9977 /* AppReducer.swift */ = {isa = PBXFileReference; lastKnownFileType = sourcecode.swift; path = AppReducer.swift; sourceTree = "<group>"; };
		A6A71EFC2D4A5B84008F9977 /* AppStore.swift */ = {isa = PBXFileReference; lastKnownFileType = sourcecode.swift; path = AppStore.swift; sourceTree = "<group>"; };
		A6A71EFE2D4A5CA5008F9977 /* AppView.swift */ = {isa = PBXFileReference; lastKnownFileType = sourcecode.swift; path = AppView.swift; sourceTree = "<group>"; };
		A6A71F002D4A5F65008F9977 /* Route.swift */ = {isa = PBXFileReference; lastKnownFileType = sourcecode.swift; path = Route.swift; sourceTree = "<group>"; };
		A6A71F022D4A8609008F9977 /* OnboardingReducer.swift */ = {isa = PBXFileReference; lastKnownFileType = sourcecode.swift; path = OnboardingReducer.swift; sourceTree = "<group>"; };
		A6B8574B2D566DED0004DB64 /* Model.swift */ = {isa = PBXFileReference; lastKnownFileType = sourcecode.swift; path = Model.swift; sourceTree = "<group>"; };
		A6B8574D2D5678120004DB64 /* SuccessSubmitFeelingReducer.swift */ = {isa = PBXFileReference; lastKnownFileType = sourcecode.swift; path = SuccessSubmitFeelingReducer.swift; sourceTree = "<group>"; };
		A6B857502D57B69F0004DB64 /* DetailFeelingReducer.swift */ = {isa = PBXFileReference; lastKnownFileType = sourcecode.swift; path = DetailFeelingReducer.swift; sourceTree = "<group>"; };
		A6B857522D57B6AF0004DB64 /* DetailFeelingView.swift */ = {isa = PBXFileReference; lastKnownFileType = sourcecode.swift; path = DetailFeelingView.swift; sourceTree = "<group>"; };
		A6C142522D58CB8300F2994F /* AppDependencies.swift */ = {isa = PBXFileReference; lastKnownFileType = sourcecode.swift; path = AppDependencies.swift; sourceTree = "<group>"; };
/* End PBXFileReference section */

/* Begin PBXFrameworksBuildPhase section */
		A67398222CEBAF6700967654 /* Frameworks */ = {
			isa = PBXFrameworksBuildPhase;
			buildActionMask = 2147483647;
			files = (
				A6A71EFB2D4A5A39008F9977 /* ComposableArchitecture in Frameworks */,
			);
			runOnlyForDeploymentPostprocessing = 0;
		};
/* End PBXFrameworksBuildPhase section */

/* Begin PBXGroup section */
		A65B4C8F2CEF9A16009E5B20 /* Home */ = {
			isa = PBXGroup;
			children = (
				A601B7B02D50FC52001FBF99 /* HomeReducer.swift */,
				A65B4C902CEF9A21009E5B20 /* HomeView.swift */,
			);
			path = Home;
			sourceTree = "<group>";
		};
		A65B4C922CEFBE8C009E5B20 /* Tracker */ = {
			isa = PBXGroup;
			children = (
				A601B7B22D513E87001FBF99 /* TrackerReducer.swift */,
				A65B4C932CEFBE98009E5B20 /* TrackerView.swift */,
			);
			path = Tracker;
			sourceTree = "<group>";
		};
		A65B4C952CEFC649009E5B20 /* SelectFeeling */ = {
			isa = PBXGroup;
			children = (
				A67920FF2D521AEA000BAAD6 /* SelectFeelingReducer.swift */,
				A65B4C9C2CEFC6A0009E5B20 /* SelectFeelingView.swift */,
			);
			path = SelectFeeling;
			sourceTree = "<group>";
		};
		A65B4C9E2CF0A485009E5B20 /* Constants */ = {
			isa = PBXGroup;
			children = (
				A65B4C9F2CF0A48A009E5B20 /* Mock */,
			);
			path = Constants;
			sourceTree = "<group>";
		};
		A65B4C9F2CF0A48A009E5B20 /* Mock */ = {
			isa = PBXGroup;
			children = (
				A65B4CA02CF0A495009E5B20 /* PositiveEmotions.swift */,
				A667243C2D5255A1004CC431 /* NegativeEmotions.swift */,
			);
			path = Mock;
			sourceTree = "<group>";
		};
		A667243E2D528DBD004CC431 /* Common */ = {
			isa = PBXGroup;
			children = (
				A66724402D528DD7004CC431 /* Models */,
				A673985F2CEBB46500967654 /* Extensions */,
				A667243F2D528DC6004CC431 /* Components */,
			);
			path = Common;
			sourceTree = "<group>";
		};
		A667243F2D528DC6004CC431 /* Components */ = {
			isa = PBXGroup;
			children = (
			);
			path = Components;
			sourceTree = "<group>";
		};
		A66724402D528DD7004CC431 /* Models */ = {
			isa = PBXGroup;
			children = (
				A6B8574B2D566DED0004DB64 /* Model.swift */,
			);
			path = Models;
			sourceTree = "<group>";
		};
		A673981C2CEBAF6700967654 = {
			isa = PBXGroup;
			children = (
				A67398272CEBAF6700967654 /* Bako */,
				A67398262CEBAF6700967654 /* Products */,
			);
			sourceTree = "<group>";
		};
		A67398262CEBAF6700967654 /* Products */ = {
			isa = PBXGroup;
			children = (
				A67398252CEBAF6700967654 /* Bako.app */,
			);
			name = Products;
			sourceTree = "<group>";
		};
		A67398272CEBAF6700967654 /* Bako */ = {
			isa = PBXGroup;
			children = (
				A673985E2CEBB35B00967654 /* Info.plist */,
				A6F8DBC52D4A59730082DC0D /* App */,
				A673983B2CEBB2A300967654 /* Core */,
				A67398362CEBB0A100967654 /* Features */,
				A673982E2CEBAF6800967654 /* Preview Content */,
			);
			path = Bako;
			sourceTree = "<group>";
		};
		A673982E2CEBAF6800967654 /* Preview Content */ = {
			isa = PBXGroup;
			children = (
				A673982F2CEBAF6800967654 /* Preview Assets.xcassets */,
			);
			path = "Preview Content";
			sourceTree = "<group>";
		};
		A67398362CEBB0A100967654 /* Features */ = {
			isa = PBXGroup;
			children = (
				A6B8574F2D57B68E0004DB64 /* DetailFeeling */,
				A67920FC2D5217EE000BAAD6 /* SuccessSubmitFeeling */,
				A67920FB2D5217E1000BAAD6 /* FormFeeling */,
				A67920FA2D5217C6000BAAD6 /* SelectCategoryFeeling */,
				A65B4C952CEFC649009E5B20 /* SelectFeeling */,
				A65B4C922CEFBE8C009E5B20 /* Tracker */,
				A65B4C8F2CEF9A16009E5B20 /* Home */,
				A67398372CEBB0A500967654 /* Onboarding */,
			);
			path = Features;
			sourceTree = "<group>";
		};
		A67398372CEBB0A500967654 /* Onboarding */ = {
			isa = PBXGroup;
			children = (
				A67398392CEBB0BB00967654 /* OnboardingView.swift */,
				A6A71F022D4A8609008F9977 /* OnboardingReducer.swift */,
			);
			path = Onboarding;
			sourceTree = "<group>";
		};
		A673983B2CEBB2A300967654 /* Core */ = {
			isa = PBXGroup;
			children = (
				A667243E2D528DBD004CC431 /* Common */,
				A65B4C9E2CF0A485009E5B20 /* Constants */,
				A673983C2CEBB2A700967654 /* Design */,
			);
			path = Core;
			sourceTree = "<group>";
		};
		A673983C2CEBB2A700967654 /* Design */ = {
			isa = PBXGroup;
			children = (
				A673983F2CEBB2BA00967654 /* Assets */,
				A673983E2CEBB2B600967654 /* Fonts */,
			);
			path = Design;
			sourceTree = "<group>";
		};
		A673983E2CEBB2B600967654 /* Fonts */ = {
			isa = PBXGroup;
			children = (
				A673984D2CEBB2F400967654 /* PlusJakartaSans-Bold.ttf */,
				A673984E2CEBB2F400967654 /* PlusJakartaSans-BoldItalic.ttf */,
				A673984B2CEBB2F400967654 /* PlusJakartaSans-ExtraBold.ttf */,
				A67398472CEBB2F400967654 /* PlusJakartaSans-ExtraBoldItalic.ttf */,
				A67398452CEBB2F400967654 /* PlusJakartaSans-ExtraLight.ttf */,
				A67398432CEBB2F400967654 /* PlusJakartaSans-ExtraLightItalic.ttf */,
				A67398422CEBB2F400967654 /* PlusJakartaSans-Italic.ttf */,
				A673984C2CEBB2F400967654 /* PlusJakartaSans-Light.ttf */,
				A67398492CEBB2F400967654 /* PlusJakartaSans-LightItalic.ttf */,
				A67398462CEBB2F400967654 /* PlusJakartaSans-Medium.ttf */,
				A67398442CEBB2F400967654 /* PlusJakartaSans-MediumItalic.ttf */,
				A67398482CEBB2F400967654 /* PlusJakartaSans-Regular.ttf */,
				A673984F2CEBB2F400967654 /* PlusJakartaSans-SemiBold.ttf */,
				A673984A2CEBB2F400967654 /* PlusJakartaSans-SemiBoldItalic.ttf */,
			);
			path = Fonts;
			sourceTree = "<group>";
		};
		A673983F2CEBB2BA00967654 /* Assets */ = {
			isa = PBXGroup;
			children = (
				A673982C2CEBAF6800967654 /* Images.xcassets */,
				A67398402CEBB2C900967654 /* Colors.xcassets */,
			);
			path = Assets;
			sourceTree = "<group>";
		};
		A673985F2CEBB46500967654 /* Extensions */ = {
			isa = PBXGroup;
			children = (
				A67398602CEBB47300967654 /* Text+Extensions.swift */,
			);
			path = Extensions;
			sourceTree = "<group>";
		};
		A67920FA2D5217C6000BAAD6 /* SelectCategoryFeeling */ = {
			isa = PBXGroup;
			children = (
				A67920FD2D5218F3000BAAD6 /* SelectCategoryFeelingReducer.swift */,
				A65B4C962CEFC66D009E5B20 /* SelectCategoryFeelingView.swift */,
			);
			path = SelectCategoryFeeling;
			sourceTree = "<group>";
		};
		A67920FB2D5217E1000BAAD6 /* FormFeeling */ = {
			isa = PBXGroup;
			children = (
				A67921012D521AF7000BAAD6 /* FormFeelingReducer.swift */,
				A65B4CA22CF0D829009E5B20 /* FormFeelingView.swift */,
			);
			path = FormFeeling;
			sourceTree = "<group>";
		};
		A67920FC2D5217EE000BAAD6 /* SuccessSubmitFeeling */ = {
			isa = PBXGroup;
			children = (
				A6B8574D2D5678120004DB64 /* SuccessSubmitFeelingReducer.swift */,
				A65B4CA42CF260BA009E5B20 /* SuccessSubmitFeelingView.swift */,
			);
			path = SuccessSubmitFeeling;
			sourceTree = "<group>";
		};
		A6B8574F2D57B68E0004DB64 /* DetailFeeling */ = {
			isa = PBXGroup;
			children = (
				A6B857502D57B69F0004DB64 /* DetailFeelingReducer.swift */,
				A6B857522D57B6AF0004DB64 /* DetailFeelingView.swift */,
			);
			path = DetailFeeling;
			sourceTree = "<group>";
		};
		A6F8DBC52D4A59730082DC0D /* App */ = {
			isa = PBXGroup;
			children = (
				A6A71EF52D4A599F008F9977 /* BakoApp.swift */,
				A6A71EF72D4A59B7008F9977 /* AppReducer.swift */,
				A6A71EFC2D4A5B84008F9977 /* AppStore.swift */,
				A6A71EFE2D4A5CA5008F9977 /* AppView.swift */,
				A6C142522D58CB8300F2994F /* AppDependencies.swift */,
				A6A71F002D4A5F65008F9977 /* Route.swift */,
			);
			path = App;
			sourceTree = "<group>";
		};
/* End PBXGroup section */

/* Begin PBXNativeTarget section */
		A67398242CEBAF6700967654 /* Bako */ = {
			isa = PBXNativeTarget;
			buildConfigurationList = A67398332CEBAF6800967654 /* Build configuration list for PBXNativeTarget "Bako" */;
			buildPhases = (
				A67398212CEBAF6700967654 /* Sources */,
				A67398222CEBAF6700967654 /* Frameworks */,
				A67398232CEBAF6700967654 /* Resources */,
			);
			buildRules = (
			);
			dependencies = (
			);
			name = Bako;
			packageProductDependencies = (
				A6A71EFA2D4A5A39008F9977 /* ComposableArchitecture */,
			);
			productName = Bako;
			productReference = A67398252CEBAF6700967654 /* Bako.app */;
			productType = "com.apple.product-type.application";
		};
/* End PBXNativeTarget section */

/* Begin PBXProject section */
		A673981D2CEBAF6700967654 /* Project object */ = {
			isa = PBXProject;
			attributes = {
				BuildIndependentTargetsInParallel = 1;
				LastSwiftUpdateCheck = 1540;
				LastUpgradeCheck = 1540;
				TargetAttributes = {
					A67398242CEBAF6700967654 = {
						CreatedOnToolsVersion = 15.4;
					};
				};
			};
			buildConfigurationList = A67398202CEBAF6700967654 /* Build configuration list for PBXProject "Bako" */;
			compatibilityVersion = "Xcode 14.0";
			developmentRegion = en;
			hasScannedForEncodings = 0;
			knownRegions = (
				en,
				Base,
			);
			mainGroup = A673981C2CEBAF6700967654;
			packageReferences = (
				A6A71EF92D4A5A39008F9977 /* XCRemoteSwiftPackageReference "swift-composable-architecture" */,
			);
			productRefGroup = A67398262CEBAF6700967654 /* Products */;
			projectDirPath = "";
			projectRoot = "";
			targets = (
				A67398242CEBAF6700967654 /* Bako */,
			);
		};
/* End PBXProject section */

/* Begin PBXResourcesBuildPhase section */
		A67398232CEBAF6700967654 /* Resources */ = {
			isa = PBXResourcesBuildPhase;
			buildActionMask = 2147483647;
			files = (
				A67398512CEBB2F400967654 /* PlusJakartaSans-ExtraLightItalic.ttf in Resources */,
				A67398502CEBB2F400967654 /* PlusJakartaSans-Italic.ttf in Resources */,
				A67398592CEBB2F400967654 /* PlusJakartaSans-ExtraBold.ttf in Resources */,
				A67398572CEBB2F400967654 /* PlusJakartaSans-LightItalic.ttf in Resources */,
				A67398582CEBB2F400967654 /* PlusJakartaSans-SemiBoldItalic.ttf in Resources */,
				A673985C2CEBB2F400967654 /* PlusJakartaSans-BoldItalic.ttf in Resources */,
				A673985D2CEBB2F400967654 /* PlusJakartaSans-SemiBold.ttf in Resources */,
				A67398532CEBB2F400967654 /* PlusJakartaSans-ExtraLight.ttf in Resources */,
				A673985B2CEBB2F400967654 /* PlusJakartaSans-Bold.ttf in Resources */,
				A67398562CEBB2F400967654 /* PlusJakartaSans-Regular.ttf in Resources */,
				A67398542CEBB2F400967654 /* PlusJakartaSans-Medium.ttf in Resources */,
				A67398552CEBB2F400967654 /* PlusJakartaSans-ExtraBoldItalic.ttf in Resources */,
				A673985A2CEBB2F400967654 /* PlusJakartaSans-Light.ttf in Resources */,
				A67398522CEBB2F400967654 /* PlusJakartaSans-MediumItalic.ttf in Resources */,
				A67398412CEBB2C900967654 /* Colors.xcassets in Resources */,
				A67398302CEBAF6800967654 /* Preview Assets.xcassets in Resources */,
				A673982D2CEBAF6800967654 /* Images.xcassets in Resources */,
			);
			runOnlyForDeploymentPostprocessing = 0;
		};
/* End PBXResourcesBuildPhase section */

/* Begin PBXSourcesBuildPhase section */
		A67398212CEBAF6700967654 /* Sources */ = {
			isa = PBXSourcesBuildPhase;
			buildActionMask = 2147483647;
			files = (
				A6B8574E2D5678120004DB64 /* SuccessSubmitFeelingReducer.swift in Sources */,
				A667243D2D5255A1004CC431 /* NegativeEmotions.swift in Sources */,
				A67398612CEBB47300967654 /* Text+Extensions.swift in Sources */,
				A65B4CA12CF0A495009E5B20 /* PositiveEmotions.swift in Sources */,
				A67920FE2D5218F3000BAAD6 /* SelectCategoryFeelingReducer.swift in Sources */,
				A6A71EF62D4A599F008F9977 /* BakoApp.swift in Sources */,
				A6A71F012D4A5F65008F9977 /* Route.swift in Sources */,
				A6B857532D57B6AF0004DB64 /* DetailFeelingView.swift in Sources */,
				A67921002D521AEA000BAAD6 /* SelectFeelingReducer.swift in Sources */,
				A673983A2CEBB0BB00967654 /* OnboardingView.swift in Sources */,
				A6C142542D58CB8300F2994F /* AppDependencies.swift in Sources */,
				A65B4CA32CF0D829009E5B20 /* FormFeelingView.swift in Sources */,
				A601B7B32D513E8D001FBF99 /* TrackerReducer.swift in Sources */,
				A6A71EF82D4A59B7008F9977 /* AppReducer.swift in Sources */,
				A65B4CA52CF260BA009E5B20 /* SuccessSubmitFeelingView.swift in Sources */,
				A6A71EFD2D4A5B84008F9977 /* AppStore.swift in Sources */,
				A65B4C912CEF9A21009E5B20 /* HomeView.swift in Sources */,
				A6A71EFF2D4A5CA5008F9977 /* AppView.swift in Sources */,
				A65B4C972CEFC66D009E5B20 /* SelectCategoryFeelingView.swift in Sources */,
				A65B4C942CEFBE98009E5B20 /* TrackerView.swift in Sources */,
				A601B7B12D50FC5A001FBF99 /* HomeReducer.swift in Sources */,
				A65B4C9D2CEFC6A0009E5B20 /* SelectFeelingView.swift in Sources */,
				A6B857512D57B6A50004DB64 /* DetailFeelingReducer.swift in Sources */,
				A6B8574C2D566DF00004DB64 /* Model.swift in Sources */,
				A6A71F032D4A8609008F9977 /* OnboardingReducer.swift in Sources */,
				A67921022D521AF7000BAAD6 /* FormFeelingReducer.swift in Sources */,
			);
			runOnlyForDeploymentPostprocessing = 0;
		};
/* End PBXSourcesBuildPhase section */

/* Begin XCBuildConfiguration section */
		A67398312CEBAF6800967654 /* Debug */ = {
			isa = XCBuildConfiguration;
			buildSettings = {
				ALWAYS_SEARCH_USER_PATHS = NO;
				ASSETCATALOG_COMPILER_GENERATE_SWIFT_ASSET_SYMBOL_EXTENSIONS = YES;
				CLANG_ANALYZER_NONNULL = YES;
				CLANG_ANALYZER_NUMBER_OBJECT_CONVERSION = YES_AGGRESSIVE;
				CLANG_CXX_LANGUAGE_STANDARD = "gnu++20";
				CLANG_ENABLE_MODULES = YES;
				CLANG_ENABLE_OBJC_ARC = YES;
				CLANG_ENABLE_OBJC_WEAK = YES;
				CLANG_WARN_BLOCK_CAPTURE_AUTORELEASING = YES;
				CLANG_WARN_BOOL_CONVERSION = YES;
				CLANG_WARN_COMMA = YES;
				CLANG_WARN_CONSTANT_CONVERSION = YES;
				CLANG_WARN_DEPRECATED_OBJC_IMPLEMENTATIONS = YES;
				CLANG_WARN_DIRECT_OBJC_ISA_USAGE = YES_ERROR;
				CLANG_WARN_DOCUMENTATION_COMMENTS = YES;
				CLANG_WARN_EMPTY_BODY = YES;
				CLANG_WARN_ENUM_CONVERSION = YES;
				CLANG_WARN_INFINITE_RECURSION = YES;
				CLANG_WARN_INT_CONVERSION = YES;
				CLANG_WARN_NON_LITERAL_NULL_CONVERSION = YES;
				CLANG_WARN_OBJC_IMPLICIT_RETAIN_SELF = YES;
				CLANG_WARN_OBJC_LITERAL_CONVERSION = YES;
				CLANG_WARN_OBJC_ROOT_CLASS = YES_ERROR;
				CLANG_WARN_QUOTED_INCLUDE_IN_FRAMEWORK_HEADER = YES;
				CLANG_WARN_RANGE_LOOP_ANALYSIS = YES;
				CLANG_WARN_STRICT_PROTOTYPES = YES;
				CLANG_WARN_SUSPICIOUS_MOVE = YES;
				CLANG_WARN_UNGUARDED_AVAILABILITY = YES_AGGRESSIVE;
				CLANG_WARN_UNREACHABLE_CODE = YES;
				CLANG_WARN__DUPLICATE_METHOD_MATCH = YES;
				COPY_PHASE_STRIP = NO;
				DEBUG_INFORMATION_FORMAT = dwarf;
				ENABLE_STRICT_OBJC_MSGSEND = YES;
				ENABLE_TESTABILITY = YES;
				ENABLE_USER_SCRIPT_SANDBOXING = YES;
				GCC_C_LANGUAGE_STANDARD = gnu17;
				GCC_DYNAMIC_NO_PIC = NO;
				GCC_NO_COMMON_BLOCKS = YES;
				GCC_OPTIMIZATION_LEVEL = 0;
				GCC_PREPROCESSOR_DEFINITIONS = (
					"DEBUG=1",
					"$(inherited)",
				);
				GCC_WARN_64_TO_32_BIT_CONVERSION = YES;
				GCC_WARN_ABOUT_RETURN_TYPE = YES_ERROR;
				GCC_WARN_UNDECLARED_SELECTOR = YES;
				GCC_WARN_UNINITIALIZED_AUTOS = YES_AGGRESSIVE;
				GCC_WARN_UNUSED_FUNCTION = YES;
				GCC_WARN_UNUSED_VARIABLE = YES;
				IPHONEOS_DEPLOYMENT_TARGET = 15.0;
				LOCALIZATION_PREFERS_STRING_CATALOGS = YES;
				MTL_ENABLE_DEBUG_INFO = INCLUDE_SOURCE;
				MTL_FAST_MATH = YES;
				ONLY_ACTIVE_ARCH = YES;
				SDKROOT = iphoneos;
				SWIFT_ACTIVE_COMPILATION_CONDITIONS = "DEBUG $(inherited)";
				SWIFT_OPTIMIZATION_LEVEL = "-Onone";
			};
			name = Debug;
		};
		A67398322CEBAF6800967654 /* Release */ = {
			isa = XCBuildConfiguration;
			buildSettings = {
				ALWAYS_SEARCH_USER_PATHS = NO;
				ASSETCATALOG_COMPILER_GENERATE_SWIFT_ASSET_SYMBOL_EXTENSIONS = YES;
				CLANG_ANALYZER_NONNULL = YES;
				CLANG_ANALYZER_NUMBER_OBJECT_CONVERSION = YES_AGGRESSIVE;
				CLANG_CXX_LANGUAGE_STANDARD = "gnu++20";
				CLANG_ENABLE_MODULES = YES;
				CLANG_ENABLE_OBJC_ARC = YES;
				CLANG_ENABLE_OBJC_WEAK = YES;
				CLANG_WARN_BLOCK_CAPTURE_AUTORELEASING = YES;
				CLANG_WARN_BOOL_CONVERSION = YES;
				CLANG_WARN_COMMA = YES;
				CLANG_WARN_CONSTANT_CONVERSION = YES;
				CLANG_WARN_DEPRECATED_OBJC_IMPLEMENTATIONS = YES;
				CLANG_WARN_DIRECT_OBJC_ISA_USAGE = YES_ERROR;
				CLANG_WARN_DOCUMENTATION_COMMENTS = YES;
				CLANG_WARN_EMPTY_BODY = YES;
				CLANG_WARN_ENUM_CONVERSION = YES;
				CLANG_WARN_INFINITE_RECURSION = YES;
				CLANG_WARN_INT_CONVERSION = YES;
				CLANG_WARN_NON_LITERAL_NULL_CONVERSION = YES;
				CLANG_WARN_OBJC_IMPLICIT_RETAIN_SELF = YES;
				CLANG_WARN_OBJC_LITERAL_CONVERSION = YES;
				CLANG_WARN_OBJC_ROOT_CLASS = YES_ERROR;
				CLANG_WARN_QUOTED_INCLUDE_IN_FRAMEWORK_HEADER = YES;
				CLANG_WARN_RANGE_LOOP_ANALYSIS = YES;
				CLANG_WARN_STRICT_PROTOTYPES = YES;
				CLANG_WARN_SUSPICIOUS_MOVE = YES;
				CLANG_WARN_UNGUARDED_AVAILABILITY = YES_AGGRESSIVE;
				CLANG_WARN_UNREACHABLE_CODE = YES;
				CLANG_WARN__DUPLICATE_METHOD_MATCH = YES;
				COPY_PHASE_STRIP = NO;
				DEBUG_INFORMATION_FORMAT = "dwarf-with-dsym";
				ENABLE_NS_ASSERTIONS = NO;
				ENABLE_STRICT_OBJC_MSGSEND = YES;
				ENABLE_USER_SCRIPT_SANDBOXING = YES;
				GCC_C_LANGUAGE_STANDARD = gnu17;
				GCC_NO_COMMON_BLOCKS = YES;
				GCC_WARN_64_TO_32_BIT_CONVERSION = YES;
				GCC_WARN_ABOUT_RETURN_TYPE = YES_ERROR;
				GCC_WARN_UNDECLARED_SELECTOR = YES;
				GCC_WARN_UNINITIALIZED_AUTOS = YES_AGGRESSIVE;
				GCC_WARN_UNUSED_FUNCTION = YES;
				GCC_WARN_UNUSED_VARIABLE = YES;
				IPHONEOS_DEPLOYMENT_TARGET = 15.0;
				LOCALIZATION_PREFERS_STRING_CATALOGS = YES;
				MTL_ENABLE_DEBUG_INFO = NO;
				MTL_FAST_MATH = YES;
				SDKROOT = iphoneos;
				SWIFT_COMPILATION_MODE = wholemodule;
				VALIDATE_PRODUCT = YES;
			};
			name = Release;
		};
		A67398342CEBAF6800967654 /* Debug */ = {
			isa = XCBuildConfiguration;
			buildSettings = {
				ASSETCATALOG_COMPILER_APPICON_NAME = AppIcon;
				ASSETCATALOG_COMPILER_GLOBAL_ACCENT_COLOR_NAME = AccentColor;
				CODE_SIGN_STYLE = Automatic;
				CURRENT_PROJECT_VERSION = 1;
				DEVELOPMENT_ASSET_PATHS = "\"Bako/Preview Content\"";
				DEVELOPMENT_TEAM = 5LSQ3C9W8U;
				ENABLE_PREVIEWS = YES;
				GENERATE_INFOPLIST_FILE = YES;
				INFOPLIST_FILE = Bako/Info.plist;
				INFOPLIST_KEY_UIApplicationSceneManifest_Generation = YES;
				INFOPLIST_KEY_UIApplicationSupportsIndirectInputEvents = YES;
				INFOPLIST_KEY_UILaunchScreen_Generation = YES;
				INFOPLIST_KEY_UISupportedInterfaceOrientations = "UIInterfaceOrientationPortrait UIInterfaceOrientationPortraitUpsideDown";
				INFOPLIST_KEY_UISupportedInterfaceOrientations_iPad = "UIInterfaceOrientationLandscapeLeft UIInterfaceOrientationLandscapeRight UIInterfaceOrientationPortrait UIInterfaceOrientationPortraitUpsideDown";
				IPHONEOS_DEPLOYMENT_TARGET = 17.0;
				LD_RUNPATH_SEARCH_PATHS = (
					"$(inherited)",
					"@executable_path/Frameworks",
				);
				MARKETING_VERSION = 1.0;
				PRODUCT_BUNDLE_IDENTIFIER = com.mrezkys.Bako;
				PRODUCT_NAME = "$(TARGET_NAME)";
				SUPPORTED_PLATFORMS = "iphoneos iphonesimulator";
				SUPPORTS_MACCATALYST = NO;
				SUPPORTS_MAC_DESIGNED_FOR_IPHONE_IPAD = NO;
				SUPPORTS_XR_DESIGNED_FOR_IPHONE_IPAD = NO;
				SWIFT_EMIT_LOC_STRINGS = YES;
				SWIFT_VERSION = 5.0;
				TARGETED_DEVICE_FAMILY = 1;
			};
			name = Debug;
		};
		A67398352CEBAF6800967654 /* Release */ = {
			isa = XCBuildConfiguration;
			buildSettings = {
				ASSETCATALOG_COMPILER_APPICON_NAME = AppIcon;
				ASSETCATALOG_COMPILER_GLOBAL_ACCENT_COLOR_NAME = AccentColor;
				CODE_SIGN_STYLE = Automatic;
				CURRENT_PROJECT_VERSION = 1;
				DEVELOPMENT_ASSET_PATHS = "\"Bako/Preview Content\"";
				DEVELOPMENT_TEAM = 5LSQ3C9W8U;
				ENABLE_PREVIEWS = YES;
				GENERATE_INFOPLIST_FILE = YES;
				INFOPLIST_FILE = Bako/Info.plist;
				INFOPLIST_KEY_UIApplicationSceneManifest_Generation = YES;
				INFOPLIST_KEY_UIApplicationSupportsIndirectInputEvents = YES;
				INFOPLIST_KEY_UILaunchScreen_Generation = YES;
				INFOPLIST_KEY_UISupportedInterfaceOrientations = "UIInterfaceOrientationPortrait UIInterfaceOrientationPortraitUpsideDown";
				INFOPLIST_KEY_UISupportedInterfaceOrientations_iPad = "UIInterfaceOrientationLandscapeLeft UIInterfaceOrientationLandscapeRight UIInterfaceOrientationPortrait UIInterfaceOrientationPortraitUpsideDown";
				IPHONEOS_DEPLOYMENT_TARGET = 17.0;
				LD_RUNPATH_SEARCH_PATHS = (
					"$(inherited)",
					"@executable_path/Frameworks",
				);
				MARKETING_VERSION = 1.0;
				PRODUCT_BUNDLE_IDENTIFIER = com.mrezkys.Bako;
				PRODUCT_NAME = "$(TARGET_NAME)";
				SUPPORTED_PLATFORMS = "iphoneos iphonesimulator";
				SUPPORTS_MACCATALYST = NO;
				SUPPORTS_MAC_DESIGNED_FOR_IPHONE_IPAD = NO;
				SUPPORTS_XR_DESIGNED_FOR_IPHONE_IPAD = NO;
				SWIFT_EMIT_LOC_STRINGS = YES;
				SWIFT_VERSION = 5.0;
				TARGETED_DEVICE_FAMILY = 1;
			};
			name = Release;
		};
/* End XCBuildConfiguration section */

/* Begin XCConfigurationList section */
		A67398202CEBAF6700967654 /* Build configuration list for PBXProject "Bako" */ = {
			isa = XCConfigurationList;
			buildConfigurations = (
				A67398312CEBAF6800967654 /* Debug */,
				A67398322CEBAF6800967654 /* Release */,
			);
			defaultConfigurationIsVisible = 0;
			defaultConfigurationName = Release;
		};
		A67398332CEBAF6800967654 /* Build configuration list for PBXNativeTarget "Bako" */ = {
			isa = XCConfigurationList;
			buildConfigurations = (
				A67398342CEBAF6800967654 /* Debug */,
				A67398352CEBAF6800967654 /* Release */,
			);
			defaultConfigurationIsVisible = 0;
			defaultConfigurationName = Release;
		};
/* End XCConfigurationList section */

/* Begin XCRemoteSwiftPackageReference section */
		A6A71EF92D4A5A39008F9977 /* XCRemoteSwiftPackageReference "swift-composable-architecture" */ = {
			isa = XCRemoteSwiftPackageReference;
			repositoryURL = "https://github.com/pointfreeco/swift-composable-architecture";
			requirement = {
				kind = upToNextMajorVersion;
				minimumVersion = 1.17.1;
			};
		};
/* End XCRemoteSwiftPackageReference section */

/* Begin XCSwiftPackageProductDependency section */
		A6A71EFA2D4A5A39008F9977 /* ComposableArchitecture */ = {
			isa = XCSwiftPackageProductDependency;
			package = A6A71EF92D4A5A39008F9977 /* XCRemoteSwiftPackageReference "swift-composable-architecture" */;
			productName = ComposableArchitecture;
		};
/* End XCSwiftPackageProductDependency section */
	};
	rootObject = A673981D2CEBAF6700967654 /* Project object */;
}
